
Microsoft Visual Studio Solution File, Format Version 12.00
# Visual Studio Version 18
VisualStudioVersion = 18.4.11620.152 stable
MinimumVisualStudioVersion = 10.0.40219.1
Project("{FAE04EC0-301F-11D3-BF4B-00C04F79EFBC}") = "DSoft.Sample.MinimalApi.Api", "DSoft.Sample.MinimalApi.Api\DSoft.Sample.MinimalApi.Api.csproj", "{AD058CD6-F90D-E9F9-2904-F28FF977FFC1}"
EndProject
Project("{FAE04EC0-301F-11D3-BF4B-00C04F79EFBC}") = "DSoft.Sample.MinimalApi.Application", "DSoft.Sample.MinimalApi.Application\DSoft.Sample.MinimalApi.Application.csproj", "{3F2D92FF-98CA-E0DD-FB17-0C5E06857501}"
EndProject
Global
	GlobalSection(SolutionConfigurationPlatforms) = preSolution
		Debug|Any CPU = Debug|Any CPU
		Release|Any CPU = Release|Any CPU
	EndGlobalSection
	GlobalSection(ProjectConfigurationPlatforms) = postSolution
		{AD058CD6-F90D-E9F9-2904-F28FF977FFC1}.Debug|Any CPU.ActiveCfg = Debug|Any CPU
		{AD058CD6-F90D-E9F9-2904-F28FF977FFC1}.Debug|Any CPU.Build.0 = Debug|Any CPU
		{AD058CD6-F90D-E9F9-2904-F28FF977FFC1}.Release|Any CPU.ActiveCfg = Release|Any CPU
		{AD058CD6-F90D-E9F9-2904-F28FF977FFC1}.Release|Any CPU.Build.0 = Release|Any CPU
		{3F2D92FF-98CA-E0DD-FB17-0C5E06857501}.Debug|Any CPU.ActiveCfg = Debug|Any CPU
		{3F2D92FF-98CA-E0DD-FB17-0C5E06857501}.Debug|Any CPU.Build.0 = Debug|Any CPU
		{3F2D92FF-98CA-E0DD-FB17-0C5E06857501}.Release|Any CPU.ActiveCfg = Release|Any CPU
		{3F2D92FF-98CA-E0DD-FB17-0C5E06857501}.Release|Any CPU.Build.0 = Release|Any CPU
	EndGlobalSection
	GlobalSection(SolutionProperties) = preSolution
		HideSolutionNode = FALSE
	EndGlobalSection
	GlobalSection(ExtensibilityGlobals) = postSolution
		SolutionGuid = {56553EC3-EAF3-483F-9C50-7DBFAF344D9B}
	EndGlobalSection
EndGlobal
